
Microsoft Visual Studio Solution File, Format Version 12.00
# Visual Studio Version 16
VisualStudioVersion = 16.0.33423.256
MinimumVisualStudioVersion = 10.0.40219.1
Project("{FAE04EC0-301F-11D3-BF4B-00C04F79EFBC}") = "SumsOfDiagonalsOfMatrix", "SumsOfDiagonalsOfMatrix.csproj", "{08E64C66-E38B-48A3-8531-43E7B4544F15}"
EndProject
Global
	GlobalSection(SolutionConfigurationPlatforms) = preSolution
		Debug|Any CPU = Debug|Any CPU
		Release|Any CPU = Release|Any CPU
	EndGlobalSection
	GlobalSection(ProjectConfigurationPlatforms) = postSolution
		{08E64C66-E38B-48A3-8531-43E7B4544F15}.Debug|Any CPU.ActiveCfg = Debug|Any CPU
		{08E64C66-E38B-48A3-8531-43E7B4544F15}.Debug|Any CPU.Build.0 = Debug|Any CPU
		{08E64C66-E38B-48A3-8531-43E7B4544F15}.Release|Any CPU.ActiveCfg = Release|Any CPU
		{08E64C66-E38B-48A3-8531-43E7B4544F15}.Release|Any CPU.Build.0 = Release|Any CPU
	EndGlobalSection
	GlobalSection(SolutionProperties) = preSolution
		HideSolutionNode = FALSE
	EndGlobalSection
	GlobalSection(ExtensibilityGlobals) = postSolution
		SolutionGuid = {1CBBAEF6-3F74-4C06-AEC9-30445F3B42BC}
	EndGlobalSection
EndGlobal
